
Microsoft Visual Studio Solution File, Format Version 12.00
# Visual Studio Version 17
VisualStudioVersion = 17.13.35919.96 d17.13
MinimumVisualStudioVersion = 10.0.40219.1
Project("{FAE04EC0-301F-11D3-BF4B-00C04F79EFBC}") = "FlexSpace.Dal", "FlexSpace.Dal\FlexSpace.Dal.csproj", "{D67F6EAC-A0B8-492B-AB8B-1B92B82103B0}"
EndProject
Project("{FAE04EC0-301F-11D3-BF4B-00C04F79EFBC}") = "FlexSpace.BLL", "FlexSpace.BLL\FlexSpace.BLL.csproj", "{65F207FA-799C-40AA-941A-AEDAB07008E9}"
EndProject
Project("{FAE04EC0-301F-11D3-BF4B-00C04F79EFBC}") = "FlexSpace.UI", "FlexSpace.UI\FlexSpace.UI.csproj", "{ACF81F13-1699-49F6-81EF-B6279E3B085B}"
EndProject
Global
	GlobalSection(SolutionConfigurationPlatforms) = preSolution
		Debug|Any CPU = Debug|Any CPU
		Release|Any CPU = Release|Any CPU
	EndGlobalSection
	GlobalSection(ProjectConfigurationPlatforms) = postSolution
		{D67F6EAC-A0B8-492B-AB8B-1B92B82103B0}.Debug|Any CPU.ActiveCfg = Debug|Any CPU
		{D67F6EAC-A0B8-492B-AB8B-1B92B82103B0}.Debug|Any CPU.Build.0 = Debug|Any CPU
		{D67F6EAC-A0B8-492B-AB8B-1B92B82103B0}.Release|Any CPU.ActiveCfg = Release|Any CPU
		{D67F6EAC-A0B8-492B-AB8B-1B92B82103B0}.Release|Any CPU.Build.0 = Release|Any CPU
		{65F207FA-799C-40AA-941A-AEDAB07008E9}.Debug|Any CPU.ActiveCfg = Debug|Any CPU
		{65F207FA-799C-40AA-941A-AEDAB07008E9}.Debug|Any CPU.Build.0 = Debug|Any CPU
		{65F207FA-799C-40AA-941A-AEDAB07008E9}.Release|Any CPU.ActiveCfg = Release|Any CPU
		{65F207FA-799C-40AA-941A-AEDAB07008E9}.Release|Any CPU.Build.0 = Release|Any CPU
		{ACF81F13-1699-49F6-81EF-B6279E3B085B}.Debug|Any CPU.ActiveCfg = Debug|Any CPU
		{ACF81F13-1699-49F6-81EF-B6279E3B085B}.Debug|Any CPU.Build.0 = Debug|Any CPU
		{ACF81F13-1699-49F6-81EF-B6279E3B085B}.Release|Any CPU.ActiveCfg = Release|Any CPU
		{ACF81F13-1699-49F6-81EF-B6279E3B085B}.Release|Any CPU.Build.0 = Release|Any CPU
	EndGlobalSection
	GlobalSection(SolutionProperties) = preSolution
		HideSolutionNode = FALSE
	EndGlobalSection
	GlobalSection(ExtensibilityGlobals) = postSolution
		SolutionGuid = {F4F6281F-17C2-4E11-9AB7-A943356DD8FB}
	EndGlobalSection
EndGlobal
